
Microsoft Visual Studio Solution File, Format Version 12.00
# Visual Studio Version 17
VisualStudioVersion = 17.13.35919.96
MinimumVisualStudioVersion = 10.0.40219.1
Project("{8BC9CEB8-8B4A-11D0-8D11-00A0C91BC942}") = "W1S1", "W1S1\W1S1.vcxproj", "{B05DD435-A890-431D-BEE4-45F3686380AC}"
EndProject
Project("{8BC9CEB8-8B4A-11D0-8D11-00A0C91BC942}") = "W1S2", "W1S2\W1S2.vcxproj", "{595A1AE6-7F98-4084-AF57-3CEDF86C92E4}"
EndProject
Project("{8BC9CEB8-8B4A-11D0-8D11-00A0C91BC942}") = "W2S1", "W2S1\W2S1.vcxproj", "{11054EE4-9D46-4FB8-B00D-61BDF895359B}"
EndProject
Project("{8BC9CEB8-8B4A-11D0-8D11-00A0C91BC942}") = "W2S2", "W2S2\W2S2.vcxproj", "{51BED3A2-DB06-46DE-89C0-74795AC9ECFC}"
EndProject
Project("{8BC9CEB8-8B4A-11D0-8D11-00A0C91BC942}") = "W3S1", "W3S1\W3S1.vcxproj", "{A16F9621-6939-4226-911E-A56204087357}"
EndProject
Project("{8BC9CEB8-8B4A-11D0-8D11-00A0C91BC942}") = "W3S2", "W3S2\W3S2.vcxproj", "{E9E779CB-FCB3-43BE-9F9C-5389FCD9DDA1}"
EndProject
Project("{8BC9CEB8-8B4A-11D0-8D11-00A0C91BC942}") = "W4S1", "W4S1\W4S1.vcxproj", "{6AE6A268-B674-4392-A6D0-7BE38081908C}"
EndProject
Project("{8BC9CEB8-8B4A-11D0-8D11-00A0C91BC942}") = "W4S2", "W4S2\W4S2.vcxproj", "{E2656B7B-33AA-41F2-9A0F-E76387BB0EC7}"
EndProject
Project("{8BC9CEB8-8B4A-11D0-8D11-00A0C91BC942}") = "W5S1", "W5S1\W5S1.vcxproj", "{69198EAC-CFE7-48D4-937D-CCB1970A8E4C}"
EndProject
Project("{8BC9CEB8-8B4A-11D0-8D11-00A0C91BC942}") = "W5S2", "W5S2\W5S2.vcxproj", "{0CE41FBF-A6C5-4CFA-81E1-11D16A813B6B}"
EndProject
Project("{8BC9CEB8-8B4A-11D0-8D11-00A0C91BC942}") = "W6S1", "W6S1\W6S1.vcxproj", "{6D9CF871-148F-4F92-8513-548ED3782851}"
EndProject
Project("{8BC9CEB8-8B4A-11D0-8D11-00A0C91BC942}") = "W6S2", "W6S2\W6S2.vcxproj", "{BF6DEFCA-A9CC-4F4F-927A-8847ED85B26D}"
EndProject
Project("{8BC9CEB8-8B4A-11D0-8D11-00A0C91BC942}") = "W7S1", "W7S1\W7S1.vcxproj", "{15CE9370-5B0C-4852-A0C6-8ADBE389746E}"
EndProject
Project("{8BC9CEB8-8B4A-11D0-8D11-00A0C91BC942}") = "W7S2", "W7S2\W7S2.vcxproj", "{89241D94-9380-4600-BE88-37ED74E805EE}"
EndProject
Project("{8BC9CEB8-8B4A-11D0-8D11-00A0C91BC942}") = "W9S1", "W9S1\W9S1.vcxproj", "{A080B61A-F80F-4D7E-80D5-67604781B76D}"
EndProject
Project("{8BC9CEB8-8B4A-11D0-8D11-00A0C91BC942}") = "Week10S2", "Week10S2\Week10S2.vcxproj", "{4FF2366E-7937-4FE5-A16E-49CC1EB6DE33}"
EndProject
Project("{8BC9CEB8-8B4A-11D0-8D11-00A0C91BC942}") = "Week11S1", "Week11S1\Week11S1.vcxproj", "{1002A2B2-1CDD-4035-A24A-D9FB2B267688}"
EndProject
Project("{8BC9CEB8-8B4A-11D0-8D11-00A0C91BC942}") = "Week11S2", "Week11S2\Week11S2.vcxproj", "{D2C7D93E-CA5E-41D5-A52F-76CC53BCDA1B}"
EndProject
Project("{8BC9CEB8-8B4A-11D0-8D11-00A0C91BC942}") = "Week12S2", "Week12S2\Week12S2.vcxproj", "{08BA47ED-9C66-4CCA-9107-EB91776A58FD}"
EndProject
Project("{8BC9CEB8-8B4A-11D0-8D11-00A0C91BC942}") = "Week13S1", "Week13S1\Week13S1.vcxproj", "{A7F2C24A-5D36-4E50-ABA4-67063F7B38FB}"
EndProject
Project("{8BC9CEB8-8B4A-11D0-8D11-00A0C91BC942}") = "Week13S2", "Week13S2\Week13S2.vcxproj", "{306B7ED6-FD44-4007-BE8B-FCA286124327}"
EndProject
Project("{8BC9CEB8-8B4A-11D0-8D11-00A0C91BC942}") = "Week14S2", "Week14S2\Week14S2.vcxproj", "{13B4E014-8C82-40CE-A429-3CE8DDC7DE33}"
EndProject
Project("{8BC9CEB8-8B4A-11D0-8D11-00A0C91BC942}") = "WeekMakeUp01", "WeekMakeUp01\WeekMakeUp01.vcxproj", "{57B63300-71B1-4E63-BC9F-D6E01DEE105E}"
EndProject
Project("{8BC9CEB8-8B4A-11D0-8D11-00A0C91BC942}") = "WeekMakeUp02", "WeekMakeUp02\WeekMakeUp02.vcxproj", "{CA7A89DC-198A-40A3-BD71-9E61402E5CC4}"
EndProject
Global
	GlobalSection(SolutionConfigurationPlatforms) = preSolution
		Debug|x64 = Debug|x64
		Debug|x86 = Debug|x86
		Release|x64 = Release|x64
		Release|x86 = Release|x86
	EndGlobalSection
	GlobalSection(ProjectConfigurationPlatforms) = postSolution
		{B05DD435-A890-431D-BEE4-45F3686380AC}.Debug|x64.ActiveCfg = Debug|x64
		{B05DD435-A890-431D-BEE4-45F3686380AC}.Debug|x64.Build.0 = Debug|x64
		{B05DD435-A890-431D-BEE4-45F3686380AC}.Debug|x86.ActiveCfg = Debug|Win32
		{B05DD435-A890-431D-BEE4-45F3686380AC}.Debug|x86.Build.0 = Debug|Win32
		{B05DD435-A890-431D-BEE4-45F3686380AC}.Release|x64.ActiveCfg = Release|x64
		{B05DD435-A890-431D-BEE4-45F3686380AC}.Release|x64.Build.0 = Release|x64
		{B05DD435-A890-431D-BEE4-45F3686380AC}.Release|x86.ActiveCfg = Release|Win32
		{B05DD435-A890-431D-BEE4-45F3686380AC}.Release|x86.Build.0 = Release|Win32
		{595A1AE6-7F98-4084-AF57-3CEDF86C92E4}.Debug|x64.ActiveCfg = Debug|x64
		{595A1AE6-7F98-4084-AF57-3CEDF86C92E4}.Debug|x64.Build.0 = Debug|x64
		{595A1AE6-7F98-4084-AF57-3CEDF86C92E4}.Debug|x86.ActiveCfg = Debug|Win32
		{595A1AE6-7F98-4084-AF57-3CEDF86C92E4}.Debug|x86.Build.0 = Debug|Win32
		{595A1AE6-7F98-4084-AF57-3CEDF86C92E4}.Release|x64.ActiveCfg = Release|x64
		{595A1AE6-7F98-4084-AF57-3CEDF86C92E4}.Release|x64.Build.0 = Release|x64
		{595A1AE6-7F98-4084-AF57-3CEDF86C92E4}.Release|x86.ActiveCfg = Release|Win32
		{595A1AE6-7F98-4084-AF57-3CEDF86C92E4}.Release|x86.Build.0 = Release|Win32
		{11054EE4-9D46-4FB8-B00D-61BDF895359B}.Debug|x64.ActiveCfg = Debug|x64
		{11054EE4-9D46-4FB8-B00D-61BDF895359B}.Debug|x64.Build.0 = Debug|x64
		{11054EE4-9D46-4FB8-B00D-61BDF895359B}.Debug|x86.ActiveCfg = Debug|Win32
		{11054EE4-9D46-4FB8-B00D-61BDF895359B}.Debug|x86.Build.0 = Debug|Win32
		{11054EE4-9D46-4FB8-B00D-61BDF895359B}.Release|x64.ActiveCfg = Release|x64
		{11054EE4-9D46-4FB8-B00D-61BDF895359B}.Release|x64.Build.0 = Release|x64
		{11054EE4-9D46-4FB8-B00D-61BDF895359B}.Release|x86.ActiveCfg = Release|Win32
		{11054EE4-9D46-4FB8-B00D-61BDF895359B}.Release|x86.Build.0 = Release|Win32
		{51BED3A2-DB06-46DE-89C0-74795AC9ECFC}.Debug|x64.ActiveCfg = Debug|x64
		{51BED3A2-DB06-46DE-89C0-74795AC9ECFC}.Debug|x64.Build.0 = Debug|x64
		{51BED3A2-DB06-46DE-89C0-74795AC9ECFC}.Debug|x86.ActiveCfg = Debug|Win32
		{51BED3A2-DB06-46DE-89C0-74795AC9ECFC}.Debug|x86.Build.0 = Debug|Win32
		{51BED3A2-DB06-46DE-89C0-74795AC9ECFC}.Release|x64.ActiveCfg = Release|x64
		{51BED3A2-DB06-46DE-89C0-74795AC9ECFC}.Release|x64.Build.0 = Release|x64
		{51BED3A2-DB06-46DE-89C0-74795AC9ECFC}.Release|x86.ActiveCfg = Release|Win32
		{51BED3A2-DB06-46DE-89C0-74795AC9ECFC}.Release|x86.Build.0 = Release|Win32
		{A16F9621-6939-4226-911E-A56204087357}.Debug|x64.ActiveCfg = Debug|x64
		{A16F9621-6939-4226-911E-A56204087357}.Debug|x64.Build.0 = Debug|x64
		{A16F9621-6939-4226-911E-A56204087357}.Debug|x86.ActiveCfg = Debug|Win32
		{A16F9621-6939-4226-911E-A56204087357}.Debug|x86.Build.0 = Debug|Win32
		{A16F9621-6939-4226-911E-A56204087357}.Release|x64.ActiveCfg = Release|x64
		{A16F9621-6939-4226-911E-A56204087357}.Release|x64.Build.0 = Release|x64
		{A16F9621-6939-4226-911E-A56204087357}.Release|x86.ActiveCfg = Release|Win32
		{A16F9621-6939-4226-911E-A56204087357}.Release|x86.Build.0 = Release|Win32
		{E9E779CB-FCB3-43BE-9F9C-5389FCD9DDA1}.Debug|x64.ActiveCfg = Debug|x64
		{E9E779CB-FCB3-43BE-9F9C-5389FCD9DDA1}.Debug|x64.Build.0 = Debug|x64
		{E9E779CB-FCB3-43BE-9F9C-5389FCD9DDA1}.Debug|x86.ActiveCfg = Debug|Win32
		{E9E779CB-FCB3-43BE-9F9C-5389FCD9DDA1}.Debug|x86.Build.0 = Debug|Win32
		{E9E779CB-FCB3-43BE-9F9C-5389FCD9DDA1}.Release|x64.ActiveCfg = Release|x64
		{E9E779CB-FCB3-43BE-9F9C-5389FCD9DDA1}.Release|x64.Build.0 = Release|x64
		{E9E779CB-FCB3-43BE-9F9C-5389FCD9DDA1}.Release|x86.ActiveCfg = Release|Win32
		{E9E779CB-FCB3-43BE-9F9C-5389FCD9DDA1}.Release|x86.Build.0 = Release|Win32
		{6AE6A268-B674-4392-A6D0-7BE38081908C}.Debug|x64.ActiveCfg = Debug|x64
		{6AE6A268-B674-4392-A6D0-7BE38081908C}.Debug|x64.Build.0 = Debug|x64
		{6AE6A268-B674-4392-A6D0-7BE38081908C}.Debug|x86.ActiveCfg = Debug|Win32
		{6AE6A268-B674-4392-A6D0-7BE38081908C}.Debug|x86.Build.0 = Debug|Win32
		{6AE6A268-B674-4392-A6D0-7BE38081908C}.Release|x64.ActiveCfg = Release|x64
		{6AE6A268-B674-4392-A6D0-7BE38081908C}.Release|x64.Build.0 = Release|x64
		{6AE6A268-B674-4392-A6D0-7BE38081908C}.Release|x86.ActiveCfg = Release|Win32
		{6AE6A268-B674-4392-A6D0-7BE38081908C}.Release|x86.Build.0 = Release|Win32
		{E2656B7B-33AA-41F2-9A0F-E76387BB0EC7}.Debug|x64.ActiveCfg = Debug|x64
		{E2656B7B-33AA-41F2-9A0F-E76387BB0EC7}.Debug|x64.Build.0 = Debug|x64
		{E2656B7B-33AA-41F2-9A0F-E76387BB0EC7}.Debug|x86.ActiveCfg = Debug|Win32
		{E2656B7B-33AA-41F2-9A0F-E76387BB0EC7}.Debug|x86.Build.0 = Debug|Win32
		{E2656B7B-33AA-41F2-9A0F-E76387BB0EC7}.Release|x64.ActiveCfg = Release|x64
		{E2656B7B-33AA-41F2-9A0F-E76387BB0EC7}.Release|x64.Build.0 = Release|x64
		{E2656B7B-33AA-41F2-9A0F-E76387BB0EC7}.Release|x86.ActiveCfg = Release|Win32
		{E2656B7B-33AA-41F2-9A0F-E76387BB0EC7}.Release|x86.Build.0 = Release|Win32
		{69198EAC-CFE7-48D4-937D-CCB1970A8E4C}.Debug|x64.ActiveCfg = Debug|x64
		{69198EAC-CFE7-48D4-937D-CCB1970A8E4C}.Debug|x64.Build.0 = Debug|x64
		{69198EAC-CFE7-48D4-937D-CCB1970A8E4C}.Debug|x86.ActiveCfg = Debug|Win32
		{69198EAC-CFE7-48D4-937D-CCB1970A8E4C}.Debug|x86.Build.0 = Debug|Win32
		{69198EAC-CFE7-48D4-937D-CCB1970A8E4C}.Release|x64.ActiveCfg = Release|x64
		{69198EAC-CFE7-48D4-937D-CCB1970A8E4C}.Release|x64.Build.0 = Release|x64
		{69198EAC-CFE7-48D4-937D-CCB1970A8E4C}.Release|x86.ActiveCfg = Release|Win32
		{69198EAC-CFE7-48D4-937D-CCB1970A8E4C}.Release|x86.Build.0 = Release|Win32
		{0CE41FBF-A6C5-4CFA-81E1-11D16A813B6B}.Debug|x64.ActiveCfg = Debug|x64
		{0CE41FBF-A6C5-4CFA-81E1-11D16A813B6B}.Debug|x64.Build.0 = Debug|x64
		{0CE41FBF-A6C5-4CFA-81E1-11D16A813B6B}.Debug|x86.ActiveCfg = Debug|Win32
		{0CE41FBF-A6C5-4CFA-81E1-11D16A813B6B}.Debug|x86.Build.0 = Debug|Win32
		{0CE41FBF-A6C5-4CFA-81E1-11D16A813B6B}.Release|x64.ActiveCfg = Release|x64
		{0CE41FBF-A6C5-4CFA-81E1-11D16A813B6B}.Release|x64.Build.0 = Release|x64
		{0CE41FBF-A6C5-4CFA-81E1-11D16A813B6B}.Release|x86.ActiveCfg = Release|Win32
		{0CE41FBF-A6C5-4CFA-81E1-11D16A813B6B}.Release|x86.Build.0 = Release|Win32
		{6D9CF871-148F-4F92-8513-548ED3782851}.Debug|x64.ActiveCfg = Debug|x64
		{6D9CF871-148F-4F92-8513-548ED3782851}.Debug|x64.Build.0 = Debug|x64
		{6D9CF871-148F-4F92-8513-548ED3782851}.Debug|x86.ActiveCfg = Debug|Win32
		{6D9CF871-148F-4F92-8513-548ED3782851}.Debug|x86.Build.0 = Debug|Win32
		{6D9CF871-148F-4F92-8513-548ED3782851}.Release|x64.ActiveCfg = Release|x64
		{6D9CF871-148F-4F92-8513-548ED3782851}.Release|x64.Build.0 = Release|x64
		{6D9CF871-148F-4F92-8513-548ED3782851}.Release|x86.ActiveCfg = Release|Win32
		{6D9CF871-148F-4F92-8513-548ED3782851}.Release|x86.Build.0 = Release|Win32
		{BF6DEFCA-A9CC-4F4F-927A-8847ED85B26D}.Debug|x64.ActiveCfg = Debug|x64
		{BF6DEFCA-A9CC-4F4F-927A-8847ED85B26D}.Debug|x64.Build.0 = Debug|x64
		{BF6DEFCA-A9CC-4F4F-927A-8847ED85B26D}.Debug|x86.ActiveCfg = Debug|Win32
		{BF6DEFCA-A9CC-4F4F-927A-8847ED85B26D}.Debug|x86.Build.0 = Debug|Win32
		{BF6DEFCA-A9CC-4F4F-927A-8847ED85B26D}.Release|x64.ActiveCfg = Release|x64
		{BF6DEFCA-A9CC-4F4F-927A-8847ED85B26D}.Release|x64.Build.0 = Release|x64
		{BF6DEFCA-A9CC-4F4F-927A-8847ED85B26D}.Release|x86.ActiveCfg = Release|Win32
		{BF6DEFCA-A9CC-4F4F-927A-8847ED85B26D}.Release|x86.Build.0 = Release|Win32
		{15CE9370-5B0C-4852-A0C6-8ADBE389746E}.Debug|x64.ActiveCfg = Debug|x64
		{15CE9370-5B0C-4852-A0C6-8ADBE389746E}.Debug|x64.Build.0 = Debug|x64
		{15CE9370-5B0C-4852-A0C6-8ADBE389746E}.Debug|x86.ActiveCfg = Debug|Win32
		{15CE9370-5B0C-4852-A0C6-8ADBE389746E}.Debug|x86.Build.0 = Debug|Win32
		{15CE9370-5B0C-4852-A0C6-8ADBE389746E}.Release|x64.ActiveCfg = Release|x64
		{15CE9370-5B0C-4852-A0C6-8ADBE389746E}.Release|x64.Build.0 = Release|x64
		{15CE9370-5B0C-4852-A0C6-8ADBE389746E}.Release|x86.ActiveCfg = Release|Win32
		{15CE9370-5B0C-4852-A0C6-8ADBE389746E}.Release|x86.Build.0 = Release|Win32
		{89241D94-9380-4600-BE88-37ED74E805EE}.Debug|x64.ActiveCfg = Debug|x64
		{89241D94-9380-4600-BE88-37ED74E805EE}.Debug|x64.Build.0 = Debug|x64
		{89241D94-9380-4600-BE88-37ED74E805EE}.Debug|x86.ActiveCfg = Debug|Win32
		{89241D94-9380-4600-BE88-37ED74E805EE}.Debug|x86.Build.0 = Debug|Win32
		{89241D94-9380-4600-BE88-37ED74E805EE}.Release|x64.ActiveCfg = Release|x64
		{89241D94-9380-4600-BE88-37ED74E805EE}.Release|x64.Build.0 = Release|x64
		{89241D94-9380-4600-BE88-37ED74E805EE}.Release|x86.ActiveCfg = Release|Win32
		{89241D94-9380-4600-BE88-37ED74E805EE}.Release|x86.Build.0 = Release|Win32
		{A080B61A-F80F-4D7E-80D5-67604781B76D}.Debug|x64.ActiveCfg = Debug|x64
		{A080B61A-F80F-4D7E-80D5-67604781B76D}.Debug|x64.Build.0 = Debug|x64
		{A080B61A-F80F-4D7E-80D5-67604781B76D}.Debug|x86.ActiveCfg = Debug|Win32
		{A080B61A-F80F-4D7E-80D5-67604781B76D}.Debug|x86.Build.0 = Debug|Win32
		{A080B61A-F80F-4D7E-80D5-67604781B76D}.Release|x64.ActiveCfg = Release|x64
		{A080B61A-F80F-4D7E-80D5-67604781B76D}.Release|x64.Build.0 = Release|x64
		{A080B61A-F80F-4D7E-80D5-67604781B76D}.Release|x86.ActiveCfg = Release|Win32
		{A080B61A-F80F-4D7E-80D5-67604781B76D}.Release|x86.Build.0 = Release|Win32
		{4FF2366E-7937-4FE5-A16E-49CC1EB6DE33}.Debug|x64.ActiveCfg = Debug|x64
		{4FF2366E-7937-4FE5-A16E-49CC1EB6DE33}.Debug|x64.Build.0 = Debug|x64
		{4FF2366E-7937-4FE5-A16E-49CC1EB6DE33}.Debug|x86.ActiveCfg = Debug|Win32
		{4FF2366E-7937-4FE5-A16E-49CC1EB6DE33}.Debug|x86.Build.0 = Debug|Win32
		{4FF2366E-7937-4FE5-A16E-49CC1EB6DE33}.Release|x64.ActiveCfg = Release|x64
		{4FF2366E-7937-4FE5-A16E-49CC1EB6DE33}.Release|x64.Build.0 = Release|x64
		{4FF2366E-7937-4FE5-A16E-49CC1EB6DE33}.Release|x86.ActiveCfg = Release|Win32
		{4FF2366E-7937-4FE5-A16E-49CC1EB6DE33}.Release|x86.Build.0 = Release|Win32
		{1002A2B2-1CDD-4035-A24A-D9FB2B267688}.Debug|x64.ActiveCfg = Debug|x64
		{1002A2B2-1CDD-4035-A24A-D9FB2B267688}.Debug|x64.Build.0 = Debug|x64
		{1002A2B2-1CDD-4035-A24A-D9FB2B267688}.Debug|x86.ActiveCfg = Debug|Win32
		{1002A2B2-1CDD-4035-A24A-D9FB2B267688}.Debug|x86.Build.0 = Debug|Win32
		{1002A2B2-1CDD-4035-A24A-D9FB2B267688}.Release|x64.ActiveCfg = Release|x64
		{1002A2B2-1CDD-4035-A24A-D9FB2B267688}.Release|x64.Build.0 = Release|x64
		{1002A2B2-1CDD-4035-A24A-D9FB2B267688}.Release|x86.ActiveCfg = Release|Win32
		{1002A2B2-1CDD-4035-A24A-D9FB2B267688}.Release|x86.Build.0 = Release|Win32
		{D2C7D93E-CA5E-41D5-A52F-76CC53BCDA1B}.Debug|x64.ActiveCfg = Debug|x64
		{D2C7D93E-CA5E-41D5-A52F-76CC53BCDA1B}.Debug|x64.Build.0 = Debug|x64
		{D2C7D93E-CA5E-41D5-A52F-76CC53BCDA1B}.Debug|x86.ActiveCfg = Debug|Win32
		{D2C7D93E-CA5E-41D5-A52F-76CC53BCDA1B}.Debug|x86.Build.0 = Debug|Win32
		{D2C7D93E-CA5E-41D5-A52F-76CC53BCDA1B}.Release|x64.ActiveCfg = Release|x64
		{D2C7D93E-CA5E-41D5-A52F-76CC53BCDA1B}.Release|x64.Build.0 = Release|x64
		{D2C7D93E-CA5E-41D5-A52F-76CC53BCDA1B}.Release|x86.ActiveCfg = Release|Win32
		{D2C7D93E-CA5E-41D5-A52F-76CC53BCDA1B}.Release|x86.Build.0 = Release|Win32
		{08BA47ED-9C66-4CCA-9107-EB91776A58FD}.Debug|x64.ActiveCfg = Debug|x64
		{08BA47ED-9C66-4CCA-9107-EB91776A58FD}.Debug|x64.Build.0 = Debug|x64
		{08BA47ED-9C66-4CCA-9107-EB91776A58FD}.Debug|x86.ActiveCfg = Debug|Win32
		{08BA47ED-9C66-4CCA-9107-EB91776A58FD}.Debug|x86.Build.0 = Debug|Win32
		{08BA47ED-9C66-4CCA-9107-EB91776A58FD}.Release|x64.ActiveCfg = Release|x64
		{08BA47ED-9C66-4CCA-9107-EB91776A58FD}.Release|x64.Build.0 = Release|x64
		{08BA47ED-9C66-4CCA-9107-EB91776A58FD}.Release|x86.ActiveCfg = Release|Win32
		{08BA47ED-9C66-4CCA-9107-EB91776A58FD}.Release|x86.Build.0 = Release|Win32
		{A7F2C24A-5D36-4E50-ABA4-67063F7B38FB}.Debug|x64.ActiveCfg = Debug|x64
		{A7F2C24A-5D36-4E50-ABA4-67063F7B38FB}.Debug|x64.Build.0 = Debug|x64
		{A7F2C24A-5D36-4E50-ABA4-67063F7B38FB}.Debug|x86.ActiveCfg = Debug|Win32
		{A7F2C24A-5D36-4E50-ABA4-67063F7B38FB}.Debug|x86.Build.0 = Debug|Win32
		{A7F2C24A-5D36-4E50-ABA4-67063F7B38FB}.Release|x64.ActiveCfg = Release|x64
		{A7F2C24A-5D36-4E50-ABA4-67063F7B38FB}.Release|x64.Build.0 = Release|x64
		{A7F2C24A-5D36-4E50-ABA4-67063F7B38FB}.Release|x86.ActiveCfg = Release|Win32
		{A7F2C24A-5D36-4E50-ABA4-67063F7B38FB}.Release|x86.Build.0 = Release|Win32
		{306B7ED6-FD44-4007-BE8B-FCA286124327}.Debug|x64.ActiveCfg = Debug|x64
		{306B7ED6-FD44-4007-BE8B-FCA286124327}.Debug|x64.Build.0 = Debug|x64
		{306B7ED6-FD44-4007-BE8B-FCA286124327}.Debug|x86.ActiveCfg = Debug|Win32
		{306B7ED6-FD44-4007-BE8B-FCA286124327}.Debug|x86.Build.0 = Debug|Win32
		{306B7ED6-FD44-4007-BE8B-FCA286124327}.Release|x64.ActiveCfg = Release|x64
		{306B7ED6-FD44-4007-BE8B-FCA286124327}.Release|x64.Build.0 = Release|x64
		{306B7ED6-FD44-4007-BE8B-FCA286124327}.Release|x86.ActiveCfg = Release|Win32
		{306B7ED6-FD44-4007-BE8B-FCA286124327}.Release|x86.Build.0 = Release|Win32
		{13B4E014-8C82-40CE-A429-3CE8DDC7DE33}.Debug|x64.ActiveCfg = Debug|x64
		{13B4E014-8C82-40CE-A429-3CE8DDC7DE33}.Debug|x64.Build.0 = Debug|x64
		{13B4E014-8C82-40CE-A429-3CE8DDC7DE33}.Debug|x86.ActiveCfg = Debug|Win32
		{13B4E014-8C82-40CE-A429-3CE8DDC7DE33}.Debug|x86.Build.0 = Debug|Win32
		{13B4E014-8C82-40CE-A429-3CE8DDC7DE33}.Release|x64.ActiveCfg = Release|x64
		{13B4E014-8C82-40CE-A429-3CE8DDC7DE33}.Release|x64.Build.0 = Release|x64
		{13B4E014-8C82-40CE-A429-3CE8DDC7DE33}.Release|x86.ActiveCfg = Release|Win32
		{13B4E014-8C82-40CE-A429-3CE8DDC7DE33}.Release|x86.Build.0 = Release|Win32
		{57B63300-71B1-4E63-BC9F-D6E01DEE105E}.Debug|x64.ActiveCfg = Debug|x64
		{57B63300-71B1-4E63-BC9F-D6E01DEE105E}.Debug|x64.Build.0 = Debug|x64
		{57B63300-71B1-4E63-BC9F-D6E01DEE105E}.Debug|x86.ActiveCfg = Debug|Win32
		{57B63300-71B1-4E63-BC9F-D6E01DEE105E}.Debug|x86.Build.0 = Debug|Win32
		{57B63300-71B1-4E63-BC9F-D6E01DEE105E}.Release|x64.ActiveCfg = Release|x64
		{57B63300-71B1-4E63-BC9F-D6E01DEE105E}.Release|x64.Build.0 = Release|x64
		{57B63300-71B1-4E63-BC9F-D6E01DEE105E}.Release|x86.ActiveCfg = Release|Win32
		{57B63300-71B1-4E63-BC9F-D6E01DEE105E}.Release|x86.Build.0 = Release|Win32
		{CA7A89DC-198A-40A3-BD71-9E61402E5CC4}.Debug|x64.ActiveCfg = Debug|x64
		{CA7A89DC-198A-40A3-BD71-9E61402E5CC4}.Debug|x64.Build.0 = Debug|x64
		{CA7A89DC-198A-40A3-BD71-9E61402E5CC4}.Debug|x86.ActiveCfg = Debug|Win32
		{CA7A89DC-198A-40A3-BD71-9E61402E5CC4}.Debug|x86.Build.0 = Debug|Win32
		{CA7A89DC-198A-40A3-BD71-9E61402E5CC4}.Release|x64.ActiveCfg = Release|x64
		{CA7A89DC-198A-40A3-BD71-9E61402E5CC4}.Release|x64.Build.0 = Release|x64
		{CA7A89DC-198A-40A3-BD71-9E61402E5CC4}.Release|x86.ActiveCfg = Release|Win32
		{CA7A89DC-198A-40A3-BD71-9E61402E5CC4}.Release|x86.Build.0 = Release|Win32
	EndGlobalSection
	GlobalSection(SolutionProperties) = preSolution
		HideSolutionNode = FALSE
	EndGlobalSection
	GlobalSection(ExtensibilityGlobals) = postSolution
		SolutionGuid = {AFFDC1F0-C082-4E92-9644-DB7F25EB515D}
	EndGlobalSection
EndGlobal
